
Microsoft Visual Studio Solution File, Format Version 12.00
# Visual Studio Version 17
VisualStudioVersion = 17.14.36429.23
MinimumVisualStudioVersion = 10.0.40219.1
Project("{F184B08F-C81C-45F6-A57F-5ABD9991F28F}") = "SkyeLibrary", "SkyeLibrary.vbproj", "{C4119C87-8311-4BE9-8C53-BC9416D9D292}"
EndProject
Project("{F184B08F-C81C-45F6-A57F-5ABD9991F28F}") = "SkyeLibraryTestBed", "..\SkyeLibraryTestBed\SkyeLibraryTestBed.vbproj", "{26983FB8-C6BE-4625-8095-115D0EEB49BE}"
EndProject
Global
	GlobalSection(SolutionConfigurationPlatforms) = preSolution
		Debug|Any CPU = Debug|Any CPU
		Release|Any CPU = Release|Any CPU
	EndGlobalSection
	GlobalSection(ProjectConfigurationPlatforms) = postSolution
		{C4119C87-8311-4BE9-8C53-BC9416D9D292}.Debug|Any CPU.ActiveCfg = Debug|Any CPU
		{C4119C87-8311-4BE9-8C53-BC9416D9D292}.Debug|Any CPU.Build.0 = Debug|Any CPU
		{C4119C87-8311-4BE9-8C53-BC9416D9D292}.Release|Any CPU.ActiveCfg = Release|Any CPU
		{C4119C87-8311-4BE9-8C53-BC9416D9D292}.Release|Any CPU.Build.0 = Release|Any CPU
		{26983FB8-C6BE-4625-8095-115D0EEB49BE}.Debug|Any CPU.ActiveCfg = Debug|Any CPU
		{26983FB8-C6BE-4625-8095-115D0EEB49BE}.Debug|Any CPU.Build.0 = Debug|Any CPU
		{26983FB8-C6BE-4625-8095-115D0EEB49BE}.Release|Any CPU.ActiveCfg = Release|Any CPU
		{26983FB8-C6BE-4625-8095-115D0EEB49BE}.Release|Any CPU.Build.0 = Release|Any CPU
	EndGlobalSection
	GlobalSection(SolutionProperties) = preSolution
		HideSolutionNode = FALSE
	EndGlobalSection
	GlobalSection(ExtensibilityGlobals) = postSolution
		SolutionGuid = {DC822AEF-C745-4358-A5CB-937D1849884A}
	EndGlobalSection
EndGlobal
